
Microsoft Visual Studio Solution File, Format Version 12.00
# Visual Studio Version 16
VisualStudioVersion = 16.0.29911.84
MinimumVisualStudioVersion = 10.0.40219.1
Project("{FAE04EC0-301F-11D3-BF4B-00C04F79EFBC}") = "Asp.Net.Mvc.Check", "Asp.Net.Mvc.Check\Asp.Net.Mvc.Check.csproj", "{CFE2EB6C-F3DD-47E1-802D-E0D6D549006B}"
EndProject
Global
	GlobalSection(SolutionConfigurationPlatforms) = preSolution
		Debug|Any CPU = Debug|Any CPU
		Release|Any CPU = Release|Any CPU
	EndGlobalSection
	GlobalSection(ProjectConfigurationPlatforms) = postSolution
		{CFE2EB6C-F3DD-47E1-802D-E0D6D549006B}.Debug|Any CPU.ActiveCfg = Debug|Any CPU
		{CFE2EB6C-F3DD-47E1-802D-E0D6D549006B}.Debug|Any CPU.Build.0 = Debug|Any CPU
		{CFE2EB6C-F3DD-47E1-802D-E0D6D549006B}.Release|Any CPU.ActiveCfg = Release|Any CPU
		{CFE2EB6C-F3DD-47E1-802D-E0D6D549006B}.Release|Any CPU.Build.0 = Release|Any CPU
	EndGlobalSection
	GlobalSection(SolutionProperties) = preSolution
		HideSolutionNode = FALSE
	EndGlobalSection
	GlobalSection(ExtensibilityGlobals) = postSolution
		SolutionGuid = {654AE219-07D1-4CEF-B63D-7B480A270D6C}
	EndGlobalSection
EndGlobal
